
Microsoft Visual Studio Solution File, Format Version 12.00
Project("{FAE04EC0-301F-11D3-BF4B-00C04F79EFBC}") = "ThreadSafeQueueCS", "ThreadSafeQueueCS\ThreadSafeQueueCS.csproj", "{1FC514D2-F966-49D2-B041-56318D5D42E3}"
EndProject
Global
	GlobalSection(SolutionConfigurationPlatforms) = preSolution
		Debug|Any CPU = Debug|Any CPU
		Release|Any CPU = Release|Any CPU
	EndGlobalSection
	GlobalSection(ProjectConfigurationPlatforms) = postSolution
		{1FC514D2-F966-49D2-B041-56318D5D42E3}.Debug|Any CPU.ActiveCfg = Debug|Any CPU
		{1FC514D2-F966-49D2-B041-56318D5D42E3}.Debug|Any CPU.Build.0 = Debug|Any CPU
		{1FC514D2-F966-49D2-B041-56318D5D42E3}.Release|Any CPU.ActiveCfg = Release|Any CPU
		{1FC514D2-F966-49D2-B041-56318D5D42E3}.Release|Any CPU.Build.0 = Release|Any CPU
	EndGlobalSection
EndGlobal
